PODS:
  - Alamofire (5.2.1)
  - GoogleMaps (3.9.0):
    - GoogleMaps/Maps (= 3.9.0)
  - GoogleMaps/Base (3.9.0)
  - GoogleMaps/Maps (3.9.0):
    - GoogleMaps/Base
  - SwiftLint (0.39.2)
  - TransportationApiClient (0.1.2.beta4):
    - Alamofire (~> 5.2)
  - TransportationDomain (0.1.4.beta18):
    - TransportsUI (= 0.1.1.beta7)
  - TransportsData (0.1.11.beta6):
    - TransportationApiClient (= 0.1.2.beta4)
    - TransportationDomain (= 0.1.4.beta18)
  - TransportsUI (0.1.1.beta7)

DEPENDENCIES:
  - GoogleMaps
  - SwiftLint
  - TransportationApiClient (= 0.1.2.beta4)
  - TransportationDomain (= 0.1.4.beta18)
  - TransportsData (= 0.1.11.beta6)

SPEC REPOS:
  https://github.com/CocoaPods/Specs.git:
    - Alamofire
    - GoogleMaps
    - SwiftLint
  https://github.com/michelgoni/TransportProjectSpecs:
    - TransportationApiClient
    - TransportationDomain
    - TransportsData
    - TransportsUI

SPEC CHECKSUMS:
  Alamofire: e911732990610fe89af59ac0077f923d72dc3dfd
  GoogleMaps: 4b5346bddfe6911bb89155d43c903020170523ac
  SwiftLint: 22ccbbe3b8008684be5955693bab135e0ed6a447
  TransportationApiClient: 7dbf668ad152b659e81a48c233a00da5290ade78
  TransportationDomain: 6711147a5312211450956c193c7e246b388d6e2d
  TransportsData: 04836f9ebc5ec04b71bad6dcb35b875fd9c3f716
  TransportsUI: 958d03606ee4506e8486feff83b25d805788c644

PODFILE CHECKSUM: 10d6c45ff239a0a5c153cc697c94cdafd8d4e292

COCOAPODS: 1.9.1
