PODS:
  - Alamofire (5.2.1)
  - Google-Maps-iOS-Utils (4.1.0):
    - Google-Maps-iOS-Utils/Clustering (= 4.1.0)
    - Google-Maps-iOS-Utils/Geometry (= 4.1.0)
    - Google-Maps-iOS-Utils/GeometryUtils (= 4.1.0)
    - Google-Maps-iOS-Utils/Heatmap (= 4.1.0)
    - Google-Maps-iOS-Utils/QuadTree (= 4.1.0)
    - GoogleMaps
  - Google-Maps-iOS-Utils/Clustering (4.1.0):
    - Google-Maps-iOS-Utils/QuadTree
    - GoogleMaps
  - Google-Maps-iOS-Utils/Geometry (4.1.0):
    - GoogleMaps
  - Google-Maps-iOS-Utils/GeometryUtils (4.1.0):
    - GoogleMaps
  - Google-Maps-iOS-Utils/Heatmap (4.1.0):
    - Google-Maps-iOS-Utils/QuadTree
    - GoogleMaps
  - Google-Maps-iOS-Utils/QuadTree (4.1.0):
    - GoogleMaps
  - GoogleMaps (5.2.0):
    - GoogleMaps/Maps (= 5.2.0)
  - GoogleMaps/Base (5.2.0)
  - GoogleMaps/Maps (5.2.0):
    - GoogleMaps/Base
  - SwiftLint (0.39.2)
  - TransportationApiClient (0.1.3):
    - Alamofire (~> 5.2)
  - TransportationDomain (0.1.5):
    - TransportsUI (= 0.1.2)
  - TransportsData (0.2.0):
    - TransportationApiClient (= 0.1.3)
    - TransportationDomain (= 0.1.5)
  - TransportsUI (0.1.2)

DEPENDENCIES:
  - Google-Maps-iOS-Utils (~> 4.1.0)
  - SwiftLint
  - TransportationApiClient (= 0.1.3)
  - TransportationDomain (= 0.1.5)
  - TransportsData (= 0.2.0)

SPEC REPOS:
  https://github.com/CocoaPods/Specs.git:
    - Alamofire
    - Google-Maps-iOS-Utils
    - GoogleMaps
    - SwiftLint
  https://github.com/michelgoni/TransportProjectSpecs.git:
    - TransportationApiClient
    - TransportationDomain
    - TransportsData
    - TransportsUI

SPEC CHECKSUMS:
  Alamofire: e911732990610fe89af59ac0077f923d72dc3dfd
  Google-Maps-iOS-Utils: 3343332b18dfd5be8f1f44edd7d481ace3da4d9a
  GoogleMaps: 025272d5876d3b32604e5c080dc25eaf68764693
  SwiftLint: 22ccbbe3b8008684be5955693bab135e0ed6a447
  TransportationApiClient: d9704e331b15d5aa24b37aec8d94b40b5ae022b0
  TransportationDomain: c72d59b4f7522d2046d9e818cf26b933b0a59bb6
  TransportsData: 974078b31a4407ce3c0312fce1e25500c606d6dc
  TransportsUI: 9b2fa0c622246b863b41a3d0285c86e9292efef8

PODFILE CHECKSUM: f30354684cb218b0cdee9835efcd944f5fff2d03

COCOAPODS: 1.11.3
