// !$*UTF8*$!
{
	archiveVersion = 1;
	classes = {
	};
	objectVersion = 51;
	objects = {

/* Begin PBXBuildFile section */
		1F1F47546097C3F6959D030E /* Pods_TransportationsProject.framework in Frameworks */ = {isa = PBXBuildFile; fileRef = FBB94F0703EB4F0582903BBF /* Pods_TransportationsProject.framework */; };
		2D1309E022CE04070092484A /* SignedNumeric+Extensions.swift in Sources */ = {isa = PBXBuildFile; fileRef = 2D1309DF22CE04070092484A /* SignedNumeric+Extensions.swift */; };
		2D1309E422CE2BB10092484A /* MapPointsModel.swift in Sources */ = {isa = PBXBuildFile; fileRef = 2D1309E322CE2BB10092484A /* MapPointsModel.swift */; };
		B45004B9247ACD7C009D2561 /* TPAPIClient.swift in Sources */ = {isa = PBXBuildFile; fileRef = B45004B8247ACD7C009D2561 /* TPAPIClient.swift */; };
		B45004BA247ADB4E009D2561 /* ApiClient.swift in Sources */ = {isa = PBXBuildFile; fileRef = D0D3B6C222CD435200491B60 /* ApiClient.swift */; };
		B45004BB247ADB50009D2561 /* ApiError.swift in Sources */ = {isa = PBXBuildFile; fileRef = D0D3B6C022CD432D00491B60 /* ApiError.swift */; };
		B45004BC247ADB52009D2561 /* TransportApiCase.swift in Sources */ = {isa = PBXBuildFile; fileRef = D0D3B6BE22CD425400491B60 /* TransportApiCase.swift */; };
		B45004BD247ADB55009D2561 /* Endpoint.swift in Sources */ = {isa = PBXBuildFile; fileRef = D0D3B6BC22CD421A00491B60 /* Endpoint.swift */; };
		D006AC4D2381CD5F006F7D5E /* BaseViewController.swift in Sources */ = {isa = PBXBuildFile; fileRef = D006AC4C2381CD5F006F7D5E /* BaseViewController.swift */; };
		D006AC502381CFF4006F7D5E /* AlertActions.swift in Sources */ = {isa = PBXBuildFile; fileRef = D006AC4F2381CFF4006F7D5E /* AlertActions.swift */; };
		D006AC522381D024006F7D5E /* TransportAlertActions.swift in Sources */ = {isa = PBXBuildFile; fileRef = D006AC512381D024006F7D5E /* TransportAlertActions.swift */; };
		D00D6DE022CE915C004F9638 /* MarkerView.swift in Sources */ = {isa = PBXBuildFile; fileRef = D00D6DDF22CE915C004F9638 /* MarkerView.swift */; };
		D00D6DE222CE99DA004F9638 /* ActivityIndicator.swift in Sources */ = {isa = PBXBuildFile; fileRef = D00D6DE122CE99DA004F9638 /* ActivityIndicator.swift */; };
		D00D6DE422CE9A18004F9638 /* ActivityIndicatorScreen.xib in Resources */ = {isa = PBXBuildFile; fileRef = D00D6DE322CE9A18004F9638 /* ActivityIndicatorScreen.xib */; };
		D00D6DE922CE9D0F004F9638 /* NIbabble.swift in Sources */ = {isa = PBXBuildFile; fileRef = D00D6DE822CE9D0F004F9638 /* NIbabble.swift */; };
		D09968F022CD315D00713B37 /* AppDelegate.swift in Sources */ = {isa = PBXBuildFile; fileRef = D09968EF22CD315D00713B37 /* AppDelegate.swift */; };
		D09968F722CD315E00713B37 /* Assets.xcassets in Resources */ = {isa = PBXBuildFile; fileRef = D09968F622CD315E00713B37 /* Assets.xcassets */; };
		D09968FA22CD315E00713B37 /* LaunchScreen.storyboard in Resources */ = {isa = PBXBuildFile; fileRef = D09968F822CD315E00713B37 /* LaunchScreen.storyboard */; };
		D0D3B69D22CD3E6400491B60 /* transports.json in Resources */ = {isa = PBXBuildFile; fileRef = D0D3B69C22CD3E6400491B60 /* transports.json */; };
		D0D3B6A222CD3E8600491B60 /* Geogrotesque-Medium.otf in Resources */ = {isa = PBXBuildFile; fileRef = D0D3B69F22CD3E8600491B60 /* Geogrotesque-Medium.otf */; };
		D0D3B6A322CD3E8600491B60 /* Geogrotesque-Regular.otf in Resources */ = {isa = PBXBuildFile; fileRef = D0D3B6A022CD3E8600491B60 /* Geogrotesque-Regular.otf */; };
		D0D3B6A422CD3E8600491B60 /* Geogrotesque-Bold.otf in Resources */ = {isa = PBXBuildFile; fileRef = D0D3B6A122CD3E8600491B60 /* Geogrotesque-Bold.otf */; };
		D0D3B6AD22CD3EC400491B60 /* TransportsPresenter.swift in Sources */ = {isa = PBXBuildFile; fileRef = D0D3B6A722CD3EC400491B60 /* TransportsPresenter.swift */; };
		D0D3B6AE22CD3EC400491B60 /* TransportsRouter.swift in Sources */ = {isa = PBXBuildFile; fileRef = D0D3B6A822CD3EC400491B60 /* TransportsRouter.swift */; };
		D0D3B6AF22CD3EC400491B60 /* TransportsViewController.swift in Sources */ = {isa = PBXBuildFile; fileRef = D0D3B6A922CD3EC400491B60 /* TransportsViewController.swift */; };
		D0D3B6B022CD3EC400491B60 /* TransportsApiClient.swift in Sources */ = {isa = PBXBuildFile; fileRef = D0D3B6AA22CD3EC400491B60 /* TransportsApiClient.swift */; };
		D0D3B6B122CD3EC400491B60 /* TransportsApiClientMock.swift in Sources */ = {isa = PBXBuildFile; fileRef = D0D3B6AB22CD3EC400491B60 /* TransportsApiClientMock.swift */; };
		D0D3B6B222CD3EC400491B60 /* TransportsDataManager.swift in Sources */ = {isa = PBXBuildFile; fileRef = D0D3B6AC22CD3EC400491B60 /* TransportsDataManager.swift */; };
		D0D3B6B622CD3EE700491B60 /* Transports.storyboard in Resources */ = {isa = PBXBuildFile; fileRef = D0D3B6B522CD3EE700491B60 /* Transports.storyboard */; };
		D0D3B6B922CD40C200491B60 /* Enviroment.swift in Sources */ = {isa = PBXBuildFile; fileRef = D0D3B6B822CD40C200491B60 /* Enviroment.swift */; };
		D0D3B6C622CD446700491B60 /* TransportsApi.swift in Sources */ = {isa = PBXBuildFile; fileRef = D0D3B6C522CD446700491B60 /* TransportsApi.swift */; };
		D0D3B6C922CD451D00491B60 /* TransportsResponse.swift in Sources */ = {isa = PBXBuildFile; fileRef = D0D3B6C822CD451D00491B60 /* TransportsResponse.swift */; };
		D0EAC1BB22CDAD5600C052A2 /* Constants.swift in Sources */ = {isa = PBXBuildFile; fileRef = D0EAC1BA22CDAD5600C052A2 /* Constants.swift */; };
		D0EAC1BE22CDB9F800C052A2 /* MapPointsPosition.swift in Sources */ = {isa = PBXBuildFile; fileRef = D0EAC1BD22CDB9F800C052A2 /* MapPointsPosition.swift */; };
		D0EAC1C022CDBB7E00C052A2 /* Coordinate.swift in Sources */ = {isa = PBXBuildFile; fileRef = D0EAC1BF22CDBB7E00C052A2 /* Coordinate.swift */; };
		D0EAC1C222CDBC8E00C052A2 /* TransportationElement.swift in Sources */ = {isa = PBXBuildFile; fileRef = D0EAC1C122CDBC8E00C052A2 /* TransportationElement.swift */; };
		D0EBBA2522D1D7100089F645 /* TransportDetailPresenter.swift in Sources */ = {isa = PBXBuildFile; fileRef = D0EBBA2122D1D7100089F645 /* TransportDetailPresenter.swift */; };
		D0EBBA2622D1D7100089F645 /* TransportDetailRouter.swift in Sources */ = {isa = PBXBuildFile; fileRef = D0EBBA2222D1D7100089F645 /* TransportDetailRouter.swift */; };
		D0EBBA2722D1D7100089F645 /* TransportDetailViewController.swift in Sources */ = {isa = PBXBuildFile; fileRef = D0EBBA2322D1D7100089F645 /* TransportDetailViewController.swift */; };
		D0EBBA2822D1D7100089F645 /* TransportDetailDataManager.swift in Sources */ = {isa = PBXBuildFile; fileRef = D0EBBA2422D1D7100089F645 /* TransportDetailDataManager.swift */; };
		D0EBBA2B22D1D7340089F645 /* TransportDetail.storyboard in Resources */ = {isa = PBXBuildFile; fileRef = D0EBBA2A22D1D7340089F645 /* TransportDetail.storyboard */; };
		D0EBBA3022D1D8300089F645 /* UIViewcontroller+Extensions.swift in Sources */ = {isa = PBXBuildFile; fileRef = D0EBBA2F22D1D8300089F645 /* UIViewcontroller+Extensions.swift */; };
		D0EBBA3322D1D8F20089F645 /* HalfModalTransitioning.swift in Sources */ = {isa = PBXBuildFile; fileRef = D0EBBA3222D1D8F20089F645 /* HalfModalTransitioning.swift */; };
		D0EBBA3522D1D92F0089F645 /* HalfModalInteractiveTransition.swift in Sources */ = {isa = PBXBuildFile; fileRef = D0EBBA3422D1D92F0089F645 /* HalfModalInteractiveTransition.swift */; };
		D0EBBA3722D1D9510089F645 /* HalfModalTransitionAnimator.swift in Sources */ = {isa = PBXBuildFile; fileRef = D0EBBA3622D1D9510089F645 /* HalfModalTransitionAnimator.swift */; };
		D0EBBA3922D1D9D70089F645 /* HalfModalPresetntationController.swift in Sources */ = {isa = PBXBuildFile; fileRef = D0EBBA3822D1D9D70089F645 /* HalfModalPresetntationController.swift */; };
		D0EBBA3C22D1F3160089F645 /* ModuledModelProtocol.swift in Sources */ = {isa = PBXBuildFile; fileRef = D0EBBA3B22D1F3160089F645 /* ModuledModelProtocol.swift */; };
		D0EBBA3E22D1F37F0089F645 /* TransportDetailModeuledModel.swift in Sources */ = {isa = PBXBuildFile; fileRef = D0EBBA3D22D1F37F0089F645 /* TransportDetailModeuledModel.swift */; };
		D0EBBA4222D1F3D50089F645 /* TransportDetailTableViewCell.swift in Sources */ = {isa = PBXBuildFile; fileRef = D0EBBA4022D1F3D50089F645 /* TransportDetailTableViewCell.swift */; };
		D0EBBA4322D1F3D50089F645 /* TransportDetailTableViewCell.xib in Resources */ = {isa = PBXBuildFile; fileRef = D0EBBA4122D1F3D50089F645 /* TransportDetailTableViewCell.xib */; };
		D0EBBA4522D1F6160089F645 /* TransportDetailSection.swift in Sources */ = {isa = PBXBuildFile; fileRef = D0EBBA4422D1F6160089F645 /* TransportDetailSection.swift */; };
		D0EBBA4822D1F7ED0089F645 /* ElementsDataSource.swift in Sources */ = {isa = PBXBuildFile; fileRef = D0EBBA4722D1F7ED0089F645 /* ElementsDataSource.swift */; };
		D0EBBA4A22D1F8290089F645 /* UITableViewCell+Extensions.swift in Sources */ = {isa = PBXBuildFile; fileRef = D0EBBA4922D1F8290089F645 /* UITableViewCell+Extensions.swift */; };
		D0EBBA4F22D1FBBF0089F645 /* TextConfigurable.swift in Sources */ = {isa = PBXBuildFile; fileRef = D0EBBA4E22D1FBBF0089F645 /* TextConfigurable.swift */; };
		D0EBBA5122D1FC580089F645 /* UILabel+Extensions.swift in Sources */ = {isa = PBXBuildFile; fileRef = D0EBBA5022D1FC580089F645 /* UILabel+Extensions.swift */; };
		D0EBBA5322D1FD1A0089F645 /* TextStyles.swift in Sources */ = {isa = PBXBuildFile; fileRef = D0EBBA5222D1FD1A0089F645 /* TextStyles.swift */; };
		D0EBBA5522D1FD3A0089F645 /* UIFont+Extensions.swift in Sources */ = {isa = PBXBuildFile; fileRef = D0EBBA5422D1FD3A0089F645 /* UIFont+Extensions.swift */; };
		D0EBC91B22D269BC003D1476 /* Localizable.strings in Resources */ = {isa = PBXBuildFile; fileRef = D0EBC91D22D269BC003D1476 /* Localizable.strings */; };
		D0EBC92022D26A27003D1476 /* String+Extensions.swift in Sources */ = {isa = PBXBuildFile; fileRef = D0EBC91F22D26A27003D1476 /* String+Extensions.swift */; };
/* End PBXBuildFile section */

/* Begin PBXFileReference section */
		2D1309DF22CE04070092484A /* SignedNumeric+Extensions.swift */ = {isa = PBXFileReference; lastKnownFileType = sourcecode.swift; path = "SignedNumeric+Extensions.swift"; sourceTree = "<group>"; };
		2D1309E322CE2BB10092484A /* MapPointsModel.swift */ = {isa = PBXFileReference; lastKnownFileType = sourcecode.swift; path = MapPointsModel.swift; sourceTree = "<group>"; };
		897F1BB77CB0206CA2860903 /* Pods-TransportationsProject.release.xcconfig */ = {isa = PBXFileReference; includeInIndex = 1; lastKnownFileType = text.xcconfig; name = "Pods-TransportationsProject.release.xcconfig"; path = "Target Support Files/Pods-TransportationsProject/Pods-TransportationsProject.release.xcconfig"; sourceTree = "<group>"; };
		99B5D7A0EDBB05AE99BC4C78 /* Pods-TransportationsProject.debug.xcconfig */ = {isa = PBXFileReference; includeInIndex = 1; lastKnownFileType = text.xcconfig; name = "Pods-TransportationsProject.debug.xcconfig"; path = "Target Support Files/Pods-TransportationsProject/Pods-TransportationsProject.debug.xcconfig"; sourceTree = "<group>"; };
		B45004B8247ACD7C009D2561 /* TPAPIClient.swift */ = {isa = PBXFileReference; lastKnownFileType = sourcecode.swift; path = TPAPIClient.swift; sourceTree = "<group>"; };
		D006AC4C2381CD5F006F7D5E /* BaseViewController.swift */ = {isa = PBXFileReference; lastKnownFileType = sourcecode.swift; path = BaseViewController.swift; sourceTree = "<group>"; };
		D006AC4F2381CFF4006F7D5E /* AlertActions.swift */ = {isa = PBXFileReference; lastKnownFileType = sourcecode.swift; path = AlertActions.swift; sourceTree = "<group>"; };
		D006AC512381D024006F7D5E /* TransportAlertActions.swift */ = {isa = PBXFileReference; lastKnownFileType = sourcecode.swift; path = TransportAlertActions.swift; sourceTree = "<group>"; };
		D00D6DDF22CE915C004F9638 /* MarkerView.swift */ = {isa = PBXFileReference; lastKnownFileType = sourcecode.swift; path = MarkerView.swift; sourceTree = "<group>"; };
		D00D6DE122CE99DA004F9638 /* ActivityIndicator.swift */ = {isa = PBXFileReference; lastKnownFileType = sourcecode.swift; path = ActivityIndicator.swift; sourceTree = "<group>"; };
		D00D6DE322CE9A18004F9638 /* ActivityIndicatorScreen.xib */ = {isa = PBXFileReference; lastKnownFileType = file.xib; path = ActivityIndicatorScreen.xib; sourceTree = "<group>"; };
		D00D6DE822CE9D0F004F9638 /* NIbabble.swift */ = {isa = PBXFileReference; lastKnownFileType = sourcecode.swift; path = NIbabble.swift; sourceTree = "<group>"; };
		D09968EC22CD315D00713B37 /* TransportationsProject.app */ = {isa = PBXFileReference; explicitFileType = wrapper.application; includeInIndex = 0; path = TransportationsProject.app; sourceTree = BUILT_PRODUCTS_DIR; };
		D09968EF22CD315D00713B37 /* AppDelegate.swift */ = {isa = PBXFileReference; lastKnownFileType = sourcecode.swift; path = AppDelegate.swift; sourceTree = "<group>"; };
		D09968F622CD315E00713B37 /* Assets.xcassets */ = {isa = PBXFileReference; lastKnownFileType = folder.assetcatalog; path = Assets.xcassets; sourceTree = "<group>"; };
		D09968F922CD315E00713B37 /* Base */ = {isa = PBXFileReference; lastKnownFileType = file.storyboard; name = Base; path = Base.lproj/LaunchScreen.storyboard; sourceTree = "<group>"; };
		D09968FB22CD315E00713B37 /* Info.plist */ = {isa = PBXFileReference; lastKnownFileType = text.plist.xml; path = Info.plist; sourceTree = "<group>"; };
		D0D3B69C22CD3E6400491B60 /* transports.json */ = {isa = PBXFileReference; lastKnownFileType = text.json; path = transports.json; sourceTree = "<group>"; };
		D0D3B69F22CD3E8600491B60 /* Geogrotesque-Medium.otf */ = {isa = PBXFileReference; lastKnownFileType = file; path = "Geogrotesque-Medium.otf"; sourceTree = "<group>"; };
		D0D3B6A022CD3E8600491B60 /* Geogrotesque-Regular.otf */ = {isa = PBXFileReference; lastKnownFileType = file; path = "Geogrotesque-Regular.otf"; sourceTree = "<group>"; };
		D0D3B6A122CD3E8600491B60 /* Geogrotesque-Bold.otf */ = {isa = PBXFileReference; lastKnownFileType = file; path = "Geogrotesque-Bold.otf"; sourceTree = "<group>"; };
		D0D3B6A722CD3EC400491B60 /* TransportsPresenter.swift */ = {isa = PBXFileReference; lastKnownFileType = sourcecode.swift; path = TransportsPresenter.swift; sourceTree = "<group>"; };
		D0D3B6A822CD3EC400491B60 /* TransportsRouter.swift */ = {isa = PBXFileReference; lastKnownFileType = sourcecode.swift; path = TransportsRouter.swift; sourceTree = "<group>"; };
		D0D3B6A922CD3EC400491B60 /* TransportsViewController.swift */ = {isa = PBXFileReference; lastKnownFileType = sourcecode.swift; path = TransportsViewController.swift; sourceTree = "<group>"; };
		D0D3B6AA22CD3EC400491B60 /* TransportsApiClient.swift */ = {isa = PBXFileReference; lastKnownFileType = sourcecode.swift; path = TransportsApiClient.swift; sourceTree = "<group>"; };
		D0D3B6AB22CD3EC400491B60 /* TransportsApiClientMock.swift */ = {isa = PBXFileReference; lastKnownFileType = sourcecode.swift; path = TransportsApiClientMock.swift; sourceTree = "<group>"; };
		D0D3B6AC22CD3EC400491B60 /* TransportsDataManager.swift */ = {isa = PBXFileReference; lastKnownFileType = sourcecode.swift; path = TransportsDataManager.swift; sourceTree = "<group>"; };
		D0D3B6B522CD3EE700491B60 /* Transports.storyboard */ = {isa = PBXFileReference; lastKnownFileType = file.storyboard; path = Transports.storyboard; sourceTree = "<group>"; };
		D0D3B6B822CD40C200491B60 /* Enviroment.swift */ = {isa = PBXFileReference; lastKnownFileType = sourcecode.swift; path = Enviroment.swift; sourceTree = "<group>"; };
		D0D3B6BC22CD421A00491B60 /* Endpoint.swift */ = {isa = PBXFileReference; lastKnownFileType = sourcecode.swift; path = Endpoint.swift; sourceTree = "<group>"; };
		D0D3B6BE22CD425400491B60 /* TransportApiCase.swift */ = {isa = PBXFileReference; lastKnownFileType = sourcecode.swift; path = TransportApiCase.swift; sourceTree = "<group>"; };
		D0D3B6C022CD432D00491B60 /* ApiError.swift */ = {isa = PBXFileReference; lastKnownFileType = sourcecode.swift; path = ApiError.swift; sourceTree = "<group>"; };
		D0D3B6C222CD435200491B60 /* ApiClient.swift */ = {isa = PBXFileReference; lastKnownFileType = sourcecode.swift; path = ApiClient.swift; sourceTree = "<group>"; };
		D0D3B6C522CD446700491B60 /* TransportsApi.swift */ = {isa = PBXFileReference; lastKnownFileType = sourcecode.swift; path = TransportsApi.swift; sourceTree = "<group>"; };
		D0D3B6C822CD451D00491B60 /* TransportsResponse.swift */ = {isa = PBXFileReference; lastKnownFileType = sourcecode.swift; path = TransportsResponse.swift; sourceTree = "<group>"; };
		D0EAC1BA22CDAD5600C052A2 /* Constants.swift */ = {isa = PBXFileReference; lastKnownFileType = sourcecode.swift; path = Constants.swift; sourceTree = "<group>"; };
		D0EAC1BD22CDB9F800C052A2 /* MapPointsPosition.swift */ = {isa = PBXFileReference; lastKnownFileType = sourcecode.swift; path = MapPointsPosition.swift; sourceTree = "<group>"; };
		D0EAC1BF22CDBB7E00C052A2 /* Coordinate.swift */ = {isa = PBXFileReference; lastKnownFileType = sourcecode.swift; path = Coordinate.swift; sourceTree = "<group>"; };
		D0EAC1C122CDBC8E00C052A2 /* TransportationElement.swift */ = {isa = PBXFileReference; lastKnownFileType = sourcecode.swift; path = TransportationElement.swift; sourceTree = "<group>"; };
		D0EBBA2122D1D7100089F645 /* TransportDetailPresenter.swift */ = {isa = PBXFileReference; lastKnownFileType = sourcecode.swift; path = TransportDetailPresenter.swift; sourceTree = "<group>"; };
		D0EBBA2222D1D7100089F645 /* TransportDetailRouter.swift */ = {isa = PBXFileReference; lastKnownFileType = sourcecode.swift; path = TransportDetailRouter.swift; sourceTree = "<group>"; };
		D0EBBA2322D1D7100089F645 /* TransportDetailViewController.swift */ = {isa = PBXFileReference; lastKnownFileType = sourcecode.swift; path = TransportDetailViewController.swift; sourceTree = "<group>"; };
		D0EBBA2422D1D7100089F645 /* TransportDetailDataManager.swift */ = {isa = PBXFileReference; lastKnownFileType = sourcecode.swift; path = TransportDetailDataManager.swift; sourceTree = "<group>"; };
		D0EBBA2A22D1D7340089F645 /* TransportDetail.storyboard */ = {isa = PBXFileReference; lastKnownFileType = file.storyboard; path = TransportDetail.storyboard; sourceTree = "<group>"; };
		D0EBBA2F22D1D8300089F645 /* UIViewcontroller+Extensions.swift */ = {isa = PBXFileReference; lastKnownFileType = sourcecode.swift; path = "UIViewcontroller+Extensions.swift"; sourceTree = "<group>"; };
		D0EBBA3222D1D8F20089F645 /* HalfModalTransitioning.swift */ = {isa = PBXFileReference; lastKnownFileType = sourcecode.swift; path = HalfModalTransitioning.swift; sourceTree = "<group>"; };
		D0EBBA3422D1D92F0089F645 /* HalfModalInteractiveTransition.swift */ = {isa = PBXFileReference; lastKnownFileType = sourcecode.swift; path = HalfModalInteractiveTransition.swift; sourceTree = "<group>"; };
		D0EBBA3622D1D9510089F645 /* HalfModalTransitionAnimator.swift */ = {isa = PBXFileReference; lastKnownFileType = sourcecode.swift; path = HalfModalTransitionAnimator.swift; sourceTree = "<group>"; };
		D0EBBA3822D1D9D70089F645 /* HalfModalPresetntationController.swift */ = {isa = PBXFileReference; lastKnownFileType = sourcecode.swift; path = HalfModalPresetntationController.swift; sourceTree = "<group>"; };
		D0EBBA3B22D1F3160089F645 /* ModuledModelProtocol.swift */ = {isa = PBXFileReference; lastKnownFileType = sourcecode.swift; path = ModuledModelProtocol.swift; sourceTree = "<group>"; };
		D0EBBA3D22D1F37F0089F645 /* TransportDetailModeuledModel.swift */ = {isa = PBXFileReference; lastKnownFileType = sourcecode.swift; path = TransportDetailModeuledModel.swift; sourceTree = "<group>"; };
		D0EBBA4022D1F3D50089F645 /* TransportDetailTableViewCell.swift */ = {isa = PBXFileReference; lastKnownFileType = sourcecode.swift; path = TransportDetailTableViewCell.swift; sourceTree = "<group>"; };
		D0EBBA4122D1F3D50089F645 /* TransportDetailTableViewCell.xib */ = {isa = PBXFileReference; lastKnownFileType = file.xib; path = TransportDetailTableViewCell.xib; sourceTree = "<group>"; };
		D0EBBA4422D1F6160089F645 /* TransportDetailSection.swift */ = {isa = PBXFileReference; lastKnownFileType = sourcecode.swift; path = TransportDetailSection.swift; sourceTree = "<group>"; };
		D0EBBA4722D1F7ED0089F645 /* ElementsDataSource.swift */ = {isa = PBXFileReference; lastKnownFileType = sourcecode.swift; path = ElementsDataSource.swift; sourceTree = "<group>"; };
		D0EBBA4922D1F8290089F645 /* UITableViewCell+Extensions.swift */ = {isa = PBXFileReference; lastKnownFileType = sourcecode.swift; path = "UITableViewCell+Extensions.swift"; sourceTree = "<group>"; };
		D0EBBA4E22D1FBBF0089F645 /* TextConfigurable.swift */ = {isa = PBXFileReference; lastKnownFileType = sourcecode.swift; path = TextConfigurable.swift; sourceTree = "<group>"; };
		D0EBBA5022D1FC580089F645 /* UILabel+Extensions.swift */ = {isa = PBXFileReference; lastKnownFileType = sourcecode.swift; path = "UILabel+Extensions.swift"; sourceTree = "<group>"; };
		D0EBBA5222D1FD1A0089F645 /* TextStyles.swift */ = {isa = PBXFileReference; lastKnownFileType = sourcecode.swift; path = TextStyles.swift; sourceTree = "<group>"; };
		D0EBBA5422D1FD3A0089F645 /* UIFont+Extensions.swift */ = {isa = PBXFileReference; lastKnownFileType = sourcecode.swift; path = "UIFont+Extensions.swift"; sourceTree = "<group>"; };
		D0EBC91822D2696A003D1476 /* es */ = {isa = PBXFileReference; lastKnownFileType = text.plist.strings; name = es; path = es.lproj/LaunchScreen.strings; sourceTree = "<group>"; };
		D0EBC91C22D269BC003D1476 /* en */ = {isa = PBXFileReference; lastKnownFileType = text.plist.strings; name = en; path = en.lproj/Localizable.strings; sourceTree = "<group>"; };
		D0EBC91E22D269C0003D1476 /* es */ = {isa = PBXFileReference; lastKnownFileType = text.plist.strings; name = es; path = es.lproj/Localizable.strings; sourceTree = "<group>"; };
		D0EBC91F22D26A27003D1476 /* String+Extensions.swift */ = {isa = PBXFileReference; lastKnownFileType = sourcecode.swift; path = "String+Extensions.swift"; sourceTree = "<group>"; };
		FBB94F0703EB4F0582903BBF /* Pods_TransportationsProject.framework */ = {isa = PBXFileReference; explicitFileType = wrapper.framework; includeInIndex = 0; path = Pods_TransportationsProject.framework; sourceTree = BUILT_PRODUCTS_DIR; };
/* End PBXFileReference section */

/* Begin PBXFrameworksBuildPhase section */
		D09968E922CD315D00713B37 /* Frameworks */ = {
			isa = PBXFrameworksBuildPhase;
			buildActionMask = 2147483647;
			files = (
				1F1F47546097C3F6959D030E /* Pods_TransportationsProject.framework in Frameworks */,
			);
			runOnlyForDeploymentPostprocessing = 0;
		};
/* End PBXFrameworksBuildPhase section */

/* Begin PBXGroup section */
		23D4C14F7ACA6534CFFC8F70 /* Frameworks */ = {
			isa = PBXGroup;
			children = (
				FBB94F0703EB4F0582903BBF /* Pods_TransportationsProject.framework */,
			);
			name = Frameworks;
			sourceTree = "<group>";
		};
		2D1309DE22CE03FB0092484A /* Extensions */ = {
			isa = PBXGroup;
			children = (
				2D1309DF22CE04070092484A /* SignedNumeric+Extensions.swift */,
				D0EBBA2F22D1D8300089F645 /* UIViewcontroller+Extensions.swift */,
				D0EBBA4922D1F8290089F645 /* UITableViewCell+Extensions.swift */,
				D0EBBA5022D1FC580089F645 /* UILabel+Extensions.swift */,
				D0EBBA5422D1FD3A0089F645 /* UIFont+Extensions.swift */,
				D0EBC91F22D26A27003D1476 /* String+Extensions.swift */,
			);
			path = Extensions;
			sourceTree = "<group>";
		};
		60DD23CBC112325E5D2FCBD1 /* Pods */ = {
			isa = PBXGroup;
			children = (
				99B5D7A0EDBB05AE99BC4C78 /* Pods-TransportationsProject.debug.xcconfig */,
				897F1BB77CB0206CA2860903 /* Pods-TransportationsProject.release.xcconfig */,
			);
			path = Pods;
			sourceTree = "<group>";
		};
		D006AC4B2381CD4B006F7D5E /* Base */ = {
			isa = PBXGroup;
			children = (
				D006AC4C2381CD5F006F7D5E /* BaseViewController.swift */,
			);
			path = Base;
			sourceTree = "<group>";
		};
		D006AC4E2381CFDF006F7D5E /* Alerts */ = {
			isa = PBXGroup;
			children = (
				D006AC4F2381CFF4006F7D5E /* AlertActions.swift */,
				D006AC512381D024006F7D5E /* TransportAlertActions.swift */,
			);
			path = Alerts;
			sourceTree = "<group>";
		};
		D00D6DE522CE9BED004F9638 /* ActivityIndicator */ = {
			isa = PBXGroup;
			children = (
				D00D6DE122CE99DA004F9638 /* ActivityIndicator.swift */,
				D00D6DE322CE9A18004F9638 /* ActivityIndicatorScreen.xib */,
				D00D6DE822CE9D0F004F9638 /* NIbabble.swift */,
			);
			path = ActivityIndicator;
			sourceTree = "<group>";
		};
		D00D6DE622CE9BFF004F9638 /* Environment */ = {
			isa = PBXGroup;
			children = (
				D0D3B6B822CD40C200491B60 /* Enviroment.swift */,
			);
			path = Environment;
			sourceTree = "<group>";
		};
		D00D6DE722CE9C08004F9638 /* Constants */ = {
			isa = PBXGroup;
			children = (
				D0EAC1BA22CDAD5600C052A2 /* Constants.swift */,
			);
			path = Constants;
			sourceTree = "<group>";
		};
		D09968E322CD315D00713B37 = {
			isa = PBXGroup;
			children = (
				D09968EE22CD315D00713B37 /* TransportationsProject */,
				D09968ED22CD315D00713B37 /* Products */,
				60DD23CBC112325E5D2FCBD1 /* Pods */,
				23D4C14F7ACA6534CFFC8F70 /* Frameworks */,
			);
			sourceTree = "<group>";
		};
		D09968ED22CD315D00713B37 /* Products */ = {
			isa = PBXGroup;
			children = (
				D09968EC22CD315D00713B37 /* TransportationsProject.app */,
			);
			name = Products;
			sourceTree = "<group>";
		};
		D09968EE22CD315D00713B37 /* TransportationsProject */ = {
			isa = PBXGroup;
			children = (
				D09968EF22CD315D00713B37 /* AppDelegate.swift */,
				D0D3B6BB22CD41FB00491B60 /* API */,
				D0D3B69A22CD3E0200491B60 /* Resources */,
				D0D3B69B22CD3E1E00491B60 /* Code */,
				D09968F822CD315E00713B37 /* LaunchScreen.storyboard */,
				D09968FB22CD315E00713B37 /* Info.plist */,
				D0EBC91D22D269BC003D1476 /* Localizable.strings */,
			);
			path = TransportationsProject;
			sourceTree = "<group>";
		};
		D0D3B69A22CD3E0200491B60 /* Resources */ = {
			isa = PBXGroup;
			children = (
				D09968F622CD315E00713B37 /* Assets.xcassets */,
				D0D3B69E22CD3E8600491B60 /* Fonts */,
				D0D3B69C22CD3E6400491B60 /* transports.json */,
			);
			path = Resources;
			sourceTree = "<group>";
		};
		D0D3B69B22CD3E1E00491B60 /* Code */ = {
			isa = PBXGroup;
			children = (
				D0D3B6C422CD444200491B60 /* TransportsApi */,
				D0D3B6B722CD40A100491B60 /* Common */,
				D0D3B6A522CD3E9400491B60 /* Modules */,
			);
			path = Code;
			sourceTree = "<group>";
		};
		D0D3B69E22CD3E8600491B60 /* Fonts */ = {
			isa = PBXGroup;
			children = (
				D0D3B69F22CD3E8600491B60 /* Geogrotesque-Medium.otf */,
				D0D3B6A022CD3E8600491B60 /* Geogrotesque-Regular.otf */,
				D0D3B6A122CD3E8600491B60 /* Geogrotesque-Bold.otf */,
			);
			path = Fonts;
			sourceTree = "<group>";
		};
		D0D3B6A522CD3E9400491B60 /* Modules */ = {
			isa = PBXGroup;
			children = (
				D0FE0CDA22D0B3D2002DD808 /* TransportDetail */,
				D0D3B6A622CD3E9F00491B60 /* TransportsMap */,
			);
			path = Modules;
			sourceTree = "<group>";
		};
		D0D3B6A622CD3E9F00491B60 /* TransportsMap */ = {
			isa = PBXGroup;
			children = (
				D0EAC1BC22CDB9D900C052A2 /* Model */,
				D0D3B6B422CD3ED600491B60 /* View */,
				D0D3B6B322CD3ECB00491B60 /* ApiClient */,
				D0D3B6A722CD3EC400491B60 /* TransportsPresenter.swift */,
				D0D3B6A822CD3EC400491B60 /* TransportsRouter.swift */,
				D0D3B6A922CD3EC400491B60 /* TransportsViewController.swift */,
				D0D3B6AC22CD3EC400491B60 /* TransportsDataManager.swift */,
			);
			path = TransportsMap;
			sourceTree = "<group>";
		};
		D0D3B6B322CD3ECB00491B60 /* ApiClient */ = {
			isa = PBXGroup;
			children = (
				D0D3B6AA22CD3EC400491B60 /* TransportsApiClient.swift */,
				D0D3B6AB22CD3EC400491B60 /* TransportsApiClientMock.swift */,
			);
			path = ApiClient;
			sourceTree = "<group>";
		};
		D0D3B6B422CD3ED600491B60 /* View */ = {
			isa = PBXGroup;
			children = (
				D00D6DDF22CE915C004F9638 /* MarkerView.swift */,
				D0D3B6B522CD3EE700491B60 /* Transports.storyboard */,
			);
			path = View;
			sourceTree = "<group>";
		};
		D0D3B6B722CD40A100491B60 /* Common */ = {
			isa = PBXGroup;
			children = (
				D006AC4E2381CFDF006F7D5E /* Alerts */,
				D006AC4B2381CD4B006F7D5E /* Base */,
				D0EBBA4D22D1FBA80089F645 /* Text */,
				D0EBBA4622D1F7DD0089F645 /* DataSource */,
				D0EBBA3122D1D8D40089F645 /* HalfModalTransitioning */,
				D00D6DE522CE9BED004F9638 /* ActivityIndicator */,
				2D1309DE22CE03FB0092484A /* Extensions */,
				D00D6DE622CE9BFF004F9638 /* Environment */,
				D00D6DE722CE9C08004F9638 /* Constants */,
			);
			path = Common;
			sourceTree = "<group>";
		};
		D0D3B6BB22CD41FB00491B60 /* API */ = {
			isa = PBXGroup;
			children = (
				D0D3B6BC22CD421A00491B60 /* Endpoint.swift */,
				D0D3B6BE22CD425400491B60 /* TransportApiCase.swift */,
				D0D3B6C022CD432D00491B60 /* ApiError.swift */,
				D0D3B6C222CD435200491B60 /* ApiClient.swift */,
				B45004B8247ACD7C009D2561 /* TPAPIClient.swift */,
			);
			path = API;
			sourceTree = "<group>";
		};
		D0D3B6C422CD444200491B60 /* TransportsApi */ = {
			isa = PBXGroup;
			children = (
				D0D3B6C722CD44FD00491B60 /* Model */,
				D0D3B6C522CD446700491B60 /* TransportsApi.swift */,
			);
			path = TransportsApi;
			sourceTree = "<group>";
		};
		D0D3B6C722CD44FD00491B60 /* Model */ = {
			isa = PBXGroup;
			children = (
				D0D3B6C822CD451D00491B60 /* TransportsResponse.swift */,
			);
			path = Model;
			sourceTree = "<group>";
		};
		D0EAC1BC22CDB9D900C052A2 /* Model */ = {
			isa = PBXGroup;
			children = (
				D0EAC1BD22CDB9F800C052A2 /* MapPointsPosition.swift */,
				D0EAC1BF22CDBB7E00C052A2 /* Coordinate.swift */,
				D0EAC1C122CDBC8E00C052A2 /* TransportationElement.swift */,
				2D1309E322CE2BB10092484A /* MapPointsModel.swift */,
			);
			path = Model;
			sourceTree = "<group>";
		};
		D0EBBA2922D1D71B0089F645 /* View */ = {
			isa = PBXGroup;
			children = (
				D0EBBA3F22D1F3BB0089F645 /* Cell */,
				D0EBBA2A22D1D7340089F645 /* TransportDetail.storyboard */,
			);
			path = View;
			sourceTree = "<group>";
		};
		D0EBBA3122D1D8D40089F645 /* HalfModalTransitioning */ = {
			isa = PBXGroup;
			children = (
				D0EBBA3222D1D8F20089F645 /* HalfModalTransitioning.swift */,
				D0EBBA3422D1D92F0089F645 /* HalfModalInteractiveTransition.swift */,
				D0EBBA3622D1D9510089F645 /* HalfModalTransitionAnimator.swift */,
				D0EBBA3822D1D9D70089F645 /* HalfModalPresetntationController.swift */,
			);
			path = HalfModalTransitioning;
			sourceTree = "<group>";
		};
		D0EBBA3A22D1F22F0089F645 /* Model */ = {
			isa = PBXGroup;
			children = (
				D0EBBA3B22D1F3160089F645 /* ModuledModelProtocol.swift */,
				D0EBBA3D22D1F37F0089F645 /* TransportDetailModeuledModel.swift */,
				D0EBBA4422D1F6160089F645 /* TransportDetailSection.swift */,
			);
			path = Model;
			sourceTree = "<group>";
		};
		D0EBBA3F22D1F3BB0089F645 /* Cell */ = {
			isa = PBXGroup;
			children = (
				D0EBBA4022D1F3D50089F645 /* TransportDetailTableViewCell.swift */,
				D0EBBA4122D1F3D50089F645 /* TransportDetailTableViewCell.xib */,
			);
			path = Cell;
			sourceTree = "<group>";
		};
		D0EBBA4622D1F7DD0089F645 /* DataSource */ = {
			isa = PBXGroup;
			children = (
				D0EBBA4722D1F7ED0089F645 /* ElementsDataSource.swift */,
			);
			path = DataSource;
			sourceTree = "<group>";
		};
		D0EBBA4D22D1FBA80089F645 /* Text */ = {
			isa = PBXGroup;
			children = (
				D0EBBA4E22D1FBBF0089F645 /* TextConfigurable.swift */,
				D0EBBA5222D1FD1A0089F645 /* TextStyles.swift */,
			);
			path = Text;
			sourceTree = "<group>";
		};
		D0FE0CDA22D0B3D2002DD808 /* TransportDetail */ = {
			isa = PBXGroup;
			children = (
				D0EBBA3A22D1F22F0089F645 /* Model */,
				D0EBBA2922D1D71B0089F645 /* View */,
				D0EBBA2122D1D7100089F645 /* TransportDetailPresenter.swift */,
				D0EBBA2222D1D7100089F645 /* TransportDetailRouter.swift */,
				D0EBBA2322D1D7100089F645 /* TransportDetailViewController.swift */,
				D0EBBA2422D1D7100089F645 /* TransportDetailDataManager.swift */,
			);
			path = TransportDetail;
			sourceTree = "<group>";
		};
/* End PBXGroup section */

/* Begin PBXNativeTarget section */
		D09968EB22CD315D00713B37 /* TransportationsProject */ = {
			isa = PBXNativeTarget;
			buildConfigurationList = D09968FE22CD315E00713B37 /* Build configuration list for PBXNativeTarget "TransportationsProject" */;
			buildPhases = (
				1FB7A147743C31F22A48B997 /* [CP] Check Pods Manifest.lock */,
				D09968E822CD315D00713B37 /* Sources */,
				D09968E922CD315D00713B37 /* Frameworks */,
				D09968EA22CD315D00713B37 /* Resources */,
				78EA23B40EA97B26F2FA1D72 /* [CP] Copy Pods Resources */,
				D0EBBA5622D20A590089F645 /* ShellScript */,
				ED711E25778DA0B5EB5E3594 /* [CP] Embed Pods Frameworks */,
			);
			buildRules = (
			);
			dependencies = (
			);
			name = TransportationsProject;
			productName = TransportationsProject;
			productReference = D09968EC22CD315D00713B37 /* TransportationsProject.app */;
			productType = "com.apple.product-type.application";
		};
/* End PBXNativeTarget section */

/* Begin PBXProject section */
		D09968E422CD315D00713B37 /* Project object */ = {
			isa = PBXProject;
			attributes = {
				LastSwiftUpdateCheck = 1020;
				LastUpgradeCheck = 1020;
				ORGANIZATIONNAME = Michel;
				TargetAttributes = {
					D09968EB22CD315D00713B37 = {
						CreatedOnToolsVersion = 10.2.1;
					};
				};
			};
			buildConfigurationList = D09968E722CD315D00713B37 /* Build configuration list for PBXProject "TransportationsProject" */;
			compatibilityVersion = "Xcode 9.3";
			developmentRegion = en;
			hasScannedForEncodings = 0;
			knownRegions = (
				en,
				Base,
				es,
			);
			mainGroup = D09968E322CD315D00713B37;
			productRefGroup = D09968ED22CD315D00713B37 /* Products */;
			projectDirPath = "";
			projectRoot = "";
			targets = (
				D09968EB22CD315D00713B37 /* TransportationsProject */,
			);
		};
/* End PBXProject section */

/* Begin PBXResourcesBuildPhase section */
		D09968EA22CD315D00713B37 /* Resources */ = {
			isa = PBXResourcesBuildPhase;
			buildActionMask = 2147483647;
			files = (
				D0D3B6A322CD3E8600491B60 /* Geogrotesque-Regular.otf in Resources */,
				D0D3B6A422CD3E8600491B60 /* Geogrotesque-Bold.otf in Resources */,
				D0EBC91B22D269BC003D1476 /* Localizable.strings in Resources */,
				D09968FA22CD315E00713B37 /* LaunchScreen.storyboard in Resources */,
				D0D3B6A222CD3E8600491B60 /* Geogrotesque-Medium.otf in Resources */,
				D0EBBA4322D1F3D50089F645 /* TransportDetailTableViewCell.xib in Resources */,
				D0D3B6B622CD3EE700491B60 /* Transports.storyboard in Resources */,
				D09968F722CD315E00713B37 /* Assets.xcassets in Resources */,
				D0EBBA2B22D1D7340089F645 /* TransportDetail.storyboard in Resources */,
				D00D6DE422CE9A18004F9638 /* ActivityIndicatorScreen.xib in Resources */,
				D0D3B69D22CD3E6400491B60 /* transports.json in Resources */,
			);
			runOnlyForDeploymentPostprocessing = 0;
		};
/* End PBXResourcesBuildPhase section */

/* Begin PBXShellScriptBuildPhase section */
		1FB7A147743C31F22A48B997 /* [CP] Check Pods Manifest.lock */ = {
			isa = PBXShellScriptBuildPhase;
			buildActionMask = 2147483647;
			files = (
			);
			inputFileListPaths = (
			);
			inputPaths = (
				"${PODS_PODFILE_DIR_PATH}/Podfile.lock",
				"${PODS_ROOT}/Manifest.lock",
			);
			name = "[CP] Check Pods Manifest.lock";
			outputFileListPaths = (
			);
			outputPaths = (
				"$(DERIVED_FILE_DIR)/Pods-TransportationsProject-checkManifestLockResult.txt",
			);
			runOnlyForDeploymentPostprocessing = 0;
			shellPath = /bin/sh;
			shellScript = "diff \"${PODS_PODFILE_DIR_PATH}/Podfile.lock\" \"${PODS_ROOT}/Manifest.lock\" > /dev/null\nif [ $? != 0 ] ; then\n    # print error to STDERR\n    echo \"error: The sandbox is not in sync with the Podfile.lock. Run 'pod install' or update your CocoaPods installation.\" >&2\n    exit 1\nfi\n# This output is used by Xcode 'outputs' to avoid re-running this script phase.\necho \"SUCCESS\" > \"${SCRIPT_OUTPUT_FILE_0}\"\n";
			showEnvVarsInLog = 0;
		};
		78EA23B40EA97B26F2FA1D72 /* [CP] Copy Pods Resources */ = {
			isa = PBXShellScriptBuildPhase;
			buildActionMask = 2147483647;
			files = (
			);
			inputFileListPaths = (
				"${PODS_ROOT}/Target Support Files/Pods-TransportationsProject/Pods-TransportationsProject-resources-${CONFIGURATION}-input-files.xcfilelist",
			);
			name = "[CP] Copy Pods Resources";
			outputFileListPaths = (
				"${PODS_ROOT}/Target Support Files/Pods-TransportationsProject/Pods-TransportationsProject-resources-${CONFIGURATION}-output-files.xcfilelist",
			);
			runOnlyForDeploymentPostprocessing = 0;
			shellPath = /bin/sh;
			shellScript = "\"${PODS_ROOT}/Target Support Files/Pods-TransportationsProject/Pods-TransportationsProject-resources.sh\"\n";
			showEnvVarsInLog = 0;
		};
		D0EBBA5622D20A590089F645 /* ShellScript */ = {
			isa = PBXShellScriptBuildPhase;
			buildActionMask = 2147483647;
			files = (
			);
			inputFileListPaths = (
			);
			inputPaths = (
			);
			outputFileListPaths = (
			);
			outputPaths = (
			);
			runOnlyForDeploymentPostprocessing = 0;
			shellPath = /bin/sh;
			shellScript = "# Type a script or drag a script file from your workspace to insert its path.\nswiftlint autocorrect\n\"${PODS_ROOT}/SwiftLint/swiftlint\"\n";
		};
		ED711E25778DA0B5EB5E3594 /* [CP] Embed Pods Frameworks */ = {
			isa = PBXShellScriptBuildPhase;
			buildActionMask = 2147483647;
			files = (
			);
			inputFileListPaths = (
				"${PODS_ROOT}/Target Support Files/Pods-TransportationsProject/Pods-TransportationsProject-frameworks-${CONFIGURATION}-input-files.xcfilelist",
			);
			name = "[CP] Embed Pods Frameworks";
			outputFileListPaths = (
				"${PODS_ROOT}/Target Support Files/Pods-TransportationsProject/Pods-TransportationsProject-frameworks-${CONFIGURATION}-output-files.xcfilelist",
			);
			runOnlyForDeploymentPostprocessing = 0;
			shellPath = /bin/sh;
			shellScript = "\"${PODS_ROOT}/Target Support Files/Pods-TransportationsProject/Pods-TransportationsProject-frameworks.sh\"\n";
			showEnvVarsInLog = 0;
		};
/* End PBXShellScriptBuildPhase section */

/* Begin PBXSourcesBuildPhase section */
		D09968E822CD315D00713B37 /* Sources */ = {
			isa = PBXSourcesBuildPhase;
			buildActionMask = 2147483647;
			files = (
				D0EBBA2822D1D7100089F645 /* TransportDetailDataManager.swift in Sources */,
				D0EBBA3C22D1F3160089F645 /* ModuledModelProtocol.swift in Sources */,
				D0EBBA4522D1F6160089F645 /* TransportDetailSection.swift in Sources */,
				D0D3B6B022CD3EC400491B60 /* TransportsApiClient.swift in Sources */,
				D0EAC1BE22CDB9F800C052A2 /* MapPointsPosition.swift in Sources */,
				D0D3B6AD22CD3EC400491B60 /* TransportsPresenter.swift in Sources */,
				D0D3B6B922CD40C200491B60 /* Enviroment.swift in Sources */,
				D0EBBA4A22D1F8290089F645 /* UITableViewCell+Extensions.swift in Sources */,
				D0EBBA5522D1FD3A0089F645 /* UIFont+Extensions.swift in Sources */,
				D00D6DE022CE915C004F9638 /* MarkerView.swift in Sources */,
				D0EBBA2622D1D7100089F645 /* TransportDetailRouter.swift in Sources */,
				B45004BA247ADB4E009D2561 /* ApiClient.swift in Sources */,
				D006AC4D2381CD5F006F7D5E /* BaseViewController.swift in Sources */,
				D0EBBA4822D1F7ED0089F645 /* ElementsDataSource.swift in Sources */,
				D0EAC1BB22CDAD5600C052A2 /* Constants.swift in Sources */,
				D0EBBA3022D1D8300089F645 /* UIViewcontroller+Extensions.swift in Sources */,
				D0D3B6B222CD3EC400491B60 /* TransportsDataManager.swift in Sources */,
				D0EBC92022D26A27003D1476 /* String+Extensions.swift in Sources */,
				D0D3B6AF22CD3EC400491B60 /* TransportsViewController.swift in Sources */,
				D0D3B6C622CD446700491B60 /* TransportsApi.swift in Sources */,
				D0EAC1C222CDBC8E00C052A2 /* TransportationElement.swift in Sources */,
				D00D6DE222CE99DA004F9638 /* ActivityIndicator.swift in Sources */,
				2D1309E422CE2BB10092484A /* MapPointsModel.swift in Sources */,
				B45004BB247ADB50009D2561 /* ApiError.swift in Sources */,
				D0EBBA3922D1D9D70089F645 /* HalfModalPresetntationController.swift in Sources */,
				D0EBBA5322D1FD1A0089F645 /* TextStyles.swift in Sources */,
				B45004BC247ADB52009D2561 /* TransportApiCase.swift in Sources */,
				D006AC502381CFF4006F7D5E /* AlertActions.swift in Sources */,
				D00D6DE922CE9D0F004F9638 /* NIbabble.swift in Sources */,
				D0EBBA5122D1FC580089F645 /* UILabel+Extensions.swift in Sources */,
				D0D3B6B122CD3EC400491B60 /* TransportsApiClientMock.swift in Sources */,
				D0EBBA3522D1D92F0089F645 /* HalfModalInteractiveTransition.swift in Sources */,
				2D1309E022CE04070092484A /* SignedNumeric+Extensions.swift in Sources */,
				D0EBBA3E22D1F37F0089F645 /* TransportDetailModeuledModel.swift in Sources */,
				D0EBBA3322D1D8F20089F645 /* HalfModalTransitioning.swift in Sources */,
				D0D3B6AE22CD3EC400491B60 /* TransportsRouter.swift in Sources */,
				D006AC522381D024006F7D5E /* TransportAlertActions.swift in Sources */,
				D0EBBA4222D1F3D50089F645 /* TransportDetailTableViewCell.swift in Sources */,
				D09968F022CD315D00713B37 /* AppDelegate.swift in Sources */,
				B45004BD247ADB55009D2561 /* Endpoint.swift in Sources */,
				B45004B9247ACD7C009D2561 /* TPAPIClient.swift in Sources */,
				D0D3B6C922CD451D00491B60 /* TransportsResponse.swift in Sources */,
				D0EAC1C022CDBB7E00C052A2 /* Coordinate.swift in Sources */,
				D0EBBA2722D1D7100089F645 /* TransportDetailViewController.swift in Sources */,
				D0EBBA4F22D1FBBF0089F645 /* TextConfigurable.swift in Sources */,
				D0EBBA3722D1D9510089F645 /* HalfModalTransitionAnimator.swift in Sources */,
				D0EBBA2522D1D7100089F645 /* TransportDetailPresenter.swift in Sources */,
			);
			runOnlyForDeploymentPostprocessing = 0;
		};
/* End PBXSourcesBuildPhase section */

/* Begin PBXVariantGroup section */
		D09968F822CD315E00713B37 /* LaunchScreen.storyboard */ = {
			isa = PBXVariantGroup;
			children = (
				D09968F922CD315E00713B37 /* Base */,
				D0EBC91822D2696A003D1476 /* es */,
			);
			name = LaunchScreen.storyboard;
			sourceTree = "<group>";
		};
		D0EBC91D22D269BC003D1476 /* Localizable.strings */ = {
			isa = PBXVariantGroup;
			children = (
				D0EBC91C22D269BC003D1476 /* en */,
				D0EBC91E22D269C0003D1476 /* es */,
			);
			name = Localizable.strings;
			sourceTree = "<group>";
		};
/* End PBXVariantGroup section */

/* Begin XCBuildConfiguration section */
		D09968FC22CD315E00713B37 /* Debug */ = {
			isa = XCBuildConfiguration;
			buildSettings = {
				ALWAYS_SEARCH_USER_PATHS = NO;
				CLANG_ANALYZER_LOCALIZABILITY_NONLOCALIZED = YES;
				CLANG_ANALYZER_NONNULL = YES;
				CLANG_ANALYZER_NUMBER_OBJECT_CONVERSION = YES_AGGRESSIVE;
				CLANG_CXX_LANGUAGE_STANDARD = "gnu++14";
				CLANG_CXX_LIBRARY = "libc++";
				CLANG_ENABLE_MODULES = YES;
				CLANG_ENABLE_OBJC_ARC = YES;
				CLANG_ENABLE_OBJC_WEAK = YES;
				CLANG_WARN_BLOCK_CAPTURE_AUTORELEASING = YES;
				CLANG_WARN_BOOL_CONVERSION = YES;
				CLANG_WARN_COMMA = YES;
				CLANG_WARN_CONSTANT_CONVERSION = YES;
				CLANG_WARN_DEPRECATED_OBJC_IMPLEMENTATIONS = YES;
				CLANG_WARN_DIRECT_OBJC_ISA_USAGE = YES_ERROR;
				CLANG_WARN_DOCUMENTATION_COMMENTS = YES;
				CLANG_WARN_EMPTY_BODY = YES;
				CLANG_WARN_ENUM_CONVERSION = YES;
				CLANG_WARN_INFINITE_RECURSION = YES;
				CLANG_WARN_INT_CONVERSION = YES;
				CLANG_WARN_NON_LITERAL_NULL_CONVERSION = YES;
				CLANG_WARN_OBJC_IMPLICIT_RETAIN_SELF = YES;
				CLANG_WARN_OBJC_LITERAL_CONVERSION = YES;
				CLANG_WARN_OBJC_ROOT_CLASS = YES_ERROR;
				CLANG_WARN_RANGE_LOOP_ANALYSIS = YES;
				CLANG_WARN_STRICT_PROTOTYPES = YES;
				CLANG_WARN_SUSPICIOUS_MOVE = YES;
				CLANG_WARN_UNGUARDED_AVAILABILITY = YES_AGGRESSIVE;
				CLANG_WARN_UNREACHABLE_CODE = YES;
				CLANG_WARN__DUPLICATE_METHOD_MATCH = YES;
				CODE_SIGN_IDENTITY = "iPhone Developer";
				COPY_PHASE_STRIP = NO;
				DEBUG_INFORMATION_FORMAT = dwarf;
				ENABLE_STRICT_OBJC_MSGSEND = YES;
				ENABLE_TESTABILITY = YES;
				GCC_C_LANGUAGE_STANDARD = gnu11;
				GCC_DYNAMIC_NO_PIC = NO;
				GCC_NO_COMMON_BLOCKS = YES;
				GCC_OPTIMIZATION_LEVEL = 0;
				GCC_PREPROCESSOR_DEFINITIONS = (
					"DEBUG=1",
					"$(inherited)",
				);
				GCC_WARN_64_TO_32_BIT_CONVERSION = YES;
				GCC_WARN_ABOUT_RETURN_TYPE = YES_ERROR;
				GCC_WARN_UNDECLARED_SELECTOR = YES;
				GCC_WARN_UNINITIALIZED_AUTOS = YES_AGGRESSIVE;
				GCC_WARN_UNUSED_FUNCTION = YES;
				GCC_WARN_UNUSED_VARIABLE = YES;
				IPHONEOS_DEPLOYMENT_TARGET = 12.2;
				MTL_ENABLE_DEBUG_INFO = INCLUDE_SOURCE;
				MTL_FAST_MATH = YES;
				ONLY_ACTIVE_ARCH = YES;
				SDKROOT = iphoneos;
				SWIFT_ACTIVE_COMPILATION_CONDITIONS = DEBUG;
				SWIFT_OPTIMIZATION_LEVEL = "-Onone";
			};
			name = Debug;
		};
		D09968FD22CD315E00713B37 /* Release */ = {
			isa = XCBuildConfiguration;
			buildSettings = {
				ALWAYS_SEARCH_USER_PATHS = NO;
				CLANG_ANALYZER_LOCALIZABILITY_NONLOCALIZED = YES;
				CLANG_ANALYZER_NONNULL = YES;
				CLANG_ANALYZER_NUMBER_OBJECT_CONVERSION = YES_AGGRESSIVE;
				CLANG_CXX_LANGUAGE_STANDARD = "gnu++14";
				CLANG_CXX_LIBRARY = "libc++";
				CLANG_ENABLE_MODULES = YES;
				CLANG_ENABLE_OBJC_ARC = YES;
				CLANG_ENABLE_OBJC_WEAK = YES;
				CLANG_WARN_BLOCK_CAPTURE_AUTORELEASING = YES;
				CLANG_WARN_BOOL_CONVERSION = YES;
				CLANG_WARN_COMMA = YES;
				CLANG_WARN_CONSTANT_CONVERSION = YES;
				CLANG_WARN_DEPRECATED_OBJC_IMPLEMENTATIONS = YES;
				CLANG_WARN_DIRECT_OBJC_ISA_USAGE = YES_ERROR;
				CLANG_WARN_DOCUMENTATION_COMMENTS = YES;
				CLANG_WARN_EMPTY_BODY = YES;
				CLANG_WARN_ENUM_CONVERSION = YES;
				CLANG_WARN_INFINITE_RECURSION = YES;
				CLANG_WARN_INT_CONVERSION = YES;
				CLANG_WARN_NON_LITERAL_NULL_CONVERSION = YES;
				CLANG_WARN_OBJC_IMPLICIT_RETAIN_SELF = YES;
				CLANG_WARN_OBJC_LITERAL_CONVERSION = YES;
				CLANG_WARN_OBJC_ROOT_CLASS = YES_ERROR;
				CLANG_WARN_RANGE_LOOP_ANALYSIS = YES;
				CLANG_WARN_STRICT_PROTOTYPES = YES;
				CLANG_WARN_SUSPICIOUS_MOVE = YES;
				CLANG_WARN_UNGUARDED_AVAILABILITY = YES_AGGRESSIVE;
				CLANG_WARN_UNREACHABLE_CODE = YES;
				CLANG_WARN__DUPLICATE_METHOD_MATCH = YES;
				CODE_SIGN_IDENTITY = "iPhone Developer";
				COPY_PHASE_STRIP = NO;
				DEBUG_INFORMATION_FORMAT = "dwarf-with-dsym";
				ENABLE_NS_ASSERTIONS = NO;
				ENABLE_STRICT_OBJC_MSGSEND = YES;
				GCC_C_LANGUAGE_STANDARD = gnu11;
				GCC_NO_COMMON_BLOCKS = YES;
				GCC_WARN_64_TO_32_BIT_CONVERSION = YES;
				GCC_WARN_ABOUT_RETURN_TYPE = YES_ERROR;
				GCC_WARN_UNDECLARED_SELECTOR = YES;
				GCC_WARN_UNINITIALIZED_AUTOS = YES_AGGRESSIVE;
				GCC_WARN_UNUSED_FUNCTION = YES;
				GCC_WARN_UNUSED_VARIABLE = YES;
				IPHONEOS_DEPLOYMENT_TARGET = 12.2;
				MTL_ENABLE_DEBUG_INFO = NO;
				MTL_FAST_MATH = YES;
				SDKROOT = iphoneos;
				SWIFT_COMPILATION_MODE = wholemodule;
				SWIFT_OPTIMIZATION_LEVEL = "-O";
				VALIDATE_PRODUCT = YES;
			};
			name = Release;
		};
		D09968FF22CD315E00713B37 /* Debug */ = {
			isa = XCBuildConfiguration;
			baseConfigurationReference = 99B5D7A0EDBB05AE99BC4C78 /* Pods-TransportationsProject.debug.xcconfig */;
			buildSettings = {
				ASSETCATALOG_COMPILER_APPICON_NAME = AppIcon;
				CODE_SIGN_STYLE = Automatic;
				DEVELOPMENT_TEAM = XE7T8479F3;
				INFOPLIST_FILE = TransportationsProject/Info.plist;
				LD_RUNPATH_SEARCH_PATHS = (
					"$(inherited)",
					"@executable_path/Frameworks",
				);
				PRODUCT_BUNDLE_IDENTIFIER = mgi.project.com.TransportationsProject;
				PRODUCT_NAME = "$(TARGET_NAME)";
				SWIFT_VERSION = 5.0;
				TARGETED_DEVICE_FAMILY = 1;
			};
			name = Debug;
		};
		D099690022CD315E00713B37 /* Release */ = {
			isa = XCBuildConfiguration;
			baseConfigurationReference = 897F1BB77CB0206CA2860903 /* Pods-TransportationsProject.release.xcconfig */;
			buildSettings = {
				ASSETCATALOG_COMPILER_APPICON_NAME = AppIcon;
				CODE_SIGN_STYLE = Automatic;
				DEVELOPMENT_TEAM = XE7T8479F3;
				INFOPLIST_FILE = TransportationsProject/Info.plist;
				LD_RUNPATH_SEARCH_PATHS = (
					"$(inherited)",
					"@executable_path/Frameworks",
				);
				PRODUCT_BUNDLE_IDENTIFIER = mgi.project.com.TransportationsProject;
				PRODUCT_NAME = "$(TARGET_NAME)";
				SWIFT_VERSION = 5.0;
				TARGETED_DEVICE_FAMILY = 1;
			};
			name = Release;
		};
/* End XCBuildConfiguration section */

/* Begin XCConfigurationList section */
		D09968E722CD315D00713B37 /* Build configuration list for PBXProject "TransportationsProject" */ = {
			isa = XCConfigurationList;
			buildConfigurations = (
				D09968FC22CD315E00713B37 /* Debug */,
				D09968FD22CD315E00713B37 /* Release */,
			);
			defaultConfigurationIsVisible = 0;
			defaultConfigurationName = Release;
		};
		D09968FE22CD315E00713B37 /* Build configuration list for PBXNativeTarget "TransportationsProject" */ = {
			isa = XCConfigurationList;
			buildConfigurations = (
				D09968FF22CD315E00713B37 /* Debug */,
				D099690022CD315E00713B37 /* Release */,
			);
			defaultConfigurationIsVisible = 0;
			defaultConfigurationName = Release;
		};
/* End XCConfigurationList section */
	};
	rootObject = D09968E422CD315D00713B37 /* Project object */;
}
